
Microsoft Visual Studio Solution File, Format Version 12.00
# Visual Studio Version 17
VisualStudioVersion = 17.5.002.0
MinimumVisualStudioVersion = 10.0.40219.1
Project("{2150E333-8FDC-42A3-9474-1A3956D46DE8}") = "csharp-prep", "csharp-prep", "{95950F1B-FA19-4F2E-8051-F42CB5F12889}"
EndProject
Project("{9A19103F-16F7-4668-BE54-9A1E7A4F7556}") = "Prep1", "csharp-prep\Prep1\Prep1.csproj", "{6BA5E79E-C778-49E1-84C9-A5EEE9E36E57}"
EndProject
Project("{9A19103F-16F7-4668-BE54-9A1E7A4F7556}") = "Prep2", "csharp-prep\Prep2\Prep2.csproj", "{8A5E9650-34F0-48CF-B868-FC6B5E294023}"
EndProject
Project("{9A19103F-16F7-4668-BE54-9A1E7A4F7556}") = "Prep3", "csharp-prep\Prep3\Prep3.csproj", "{1CF29D9E-085D-4C57-B809-98D9CF998D19}"
EndProject
Project("{9A19103F-16F7-4668-BE54-9A1E7A4F7556}") = "Prep4", "csharp-prep\Prep4\Prep4.csproj", "{63922D63-FD4C-4624-A316-01FB26E75B59}"
EndProject
Project("{9A19103F-16F7-4668-BE54-9A1E7A4F7556}") = "Prep5", "csharp-prep\Prep5\Prep5.csproj", "{ED03F5D5-72B3-48D8-BFE7-B9157A97F7A0}"
EndProject
Project("{2150E333-8FDC-42A3-9474-1A3956D46DE8}") = "final", "final", "{5707609A-2073-48A9-8D5E-0DAE60165C25}"
EndProject
Project("{9A19103F-16F7-4668-BE54-9A1E7A4F7556}") = "FinalProject", "final\FinalProject\FinalProject.csproj", "{39725101-8339-442C-9176-DD6058487FE9}"
EndProject
Project("{9A19103F-16F7-4668-BE54-9A1E7A4F7556}") = "Foundation1", "final\Foundation1\Foundation1.csproj", "{4041608A-BE6A-4DE8-B0C5-B9D1DD286FC9}"
EndProject
Project("{9A19103F-16F7-4668-BE54-9A1E7A4F7556}") = "Foundation2", "final\Foundation2\Foundation2.csproj", "{0EA7ABBC-7605-46CD-AE46-BE92799EE68F}"
EndProject
Project("{9A19103F-16F7-4668-BE54-9A1E7A4F7556}") = "Foundation3", "final\Foundation3\Foundation3.csproj", "{E80A45F3-4581-461E-BD78-29E718CA3530}"
EndProject
Project("{9A19103F-16F7-4668-BE54-9A1E7A4F7556}") = "Foundation4", "final\Foundation4\Foundation4.csproj", "{A84CEA64-5FAB-470A-94E7-6DC719EA20FE}"
EndProject
Project("{2150E333-8FDC-42A3-9474-1A3956D46DE8}") = "prepare", "prepare", "{903796C4-4202-4BC4-A7ED-6E6842CA7C03}"
EndProject
Project("{9A19103F-16F7-4668-BE54-9A1E7A4F7556}") = "Learning02", "prepare\Learning02\Learning02.csproj", "{A4C87758-21B6-4E9E-AAB9-40420D3B64D4}"
EndProject
Project("{9A19103F-16F7-4668-BE54-9A1E7A4F7556}") = "Learning03", "prepare\Learning03\Learning03.csproj", "{A10913AD-720D-4598-BA48-5E9E31144404}"
EndProject
Project("{9A19103F-16F7-4668-BE54-9A1E7A4F7556}") = "Learning04", "prepare\Learning04\Learning04.csproj", "{A4C40367-0448-4E5A-A395-B82B22803193}"
EndProject
Project("{9A19103F-16F7-4668-BE54-9A1E7A4F7556}") = "Learning05", "prepare\Learning05\Learning05.csproj", "{87C5F566-1569-4FDB-8F76-23ECB3D6A43A}"
EndProject
Project("{2150E333-8FDC-42A3-9474-1A3956D46DE8}") = "prove", "prove", "{143ECCFC-C818-42F2-92E5-33F04FF5FB12}"
EndProject
Project("{9A19103F-16F7-4668-BE54-9A1E7A4F7556}") = "Develop02", "prove\Develop02\Develop02.csproj", "{E4F07FE1-E764-417C-BB1B-A04AA1E8577B}"
EndProject
Project("{9A19103F-16F7-4668-BE54-9A1E7A4F7556}") = "Develop03", "prove\Develop03\Develop03.csproj", "{F6A0F0B7-C4B4-4B1B-B617-5D551C4083E9}"
EndProject
Project("{9A19103F-16F7-4668-BE54-9A1E7A4F7556}") = "Develop04", "prove\Develop04\Develop04.csproj", "{73A4D1E7-23FF-41DF-8982-FB9839EF7005}"
EndProject
Project("{9A19103F-16F7-4668-BE54-9A1E7A4F7556}") = "Develop05", "prove\Develop05\Develop05.csproj", "{56CDC161-728D-4DF1-A190-ACA0C0B2748B}"
EndProject
Project("{2150E333-8FDC-42A3-9474-1A3956D46DE8}") = "sandbox", "sandbox", "{83F39156-821B-431D-9925-BEA74E15337F}"
EndProject
Project("{9A19103F-16F7-4668-BE54-9A1E7A4F7556}") = "Sandbox", "sandbox\Sandbox\Sandbox.csproj", "{4073D7DA-7804-46B8-B339-A92754801FB9}"
EndProject
Global
	GlobalSection(SolutionConfigurationPlatforms) = preSolution
		Debug|Any CPU = Debug|Any CPU
		Release|Any CPU = Release|Any CPU
	EndGlobalSection
	GlobalSection(ProjectConfigurationPlatforms) = postSolution
		{6BA5E79E-C778-49E1-84C9-A5EEE9E36E57}.Debug|Any CPU.ActiveCfg = Debug|Any CPU
		{6BA5E79E-C778-49E1-84C9-A5EEE9E36E57}.Debug|Any CPU.Build.0 = Debug|Any CPU
		{6BA5E79E-C778-49E1-84C9-A5EEE9E36E57}.Release|Any CPU.ActiveCfg = Release|Any CPU
		{6BA5E79E-C778-49E1-84C9-A5EEE9E36E57}.Release|Any CPU.Build.0 = Release|Any CPU
		{8A5E9650-34F0-48CF-B868-FC6B5E294023}.Debug|Any CPU.ActiveCfg = Debug|Any CPU
		{8A5E9650-34F0-48CF-B868-FC6B5E294023}.Debug|Any CPU.Build.0 = Debug|Any CPU
		{8A5E9650-34F0-48CF-B868-FC6B5E294023}.Release|Any CPU.ActiveCfg = Release|Any CPU
		{8A5E9650-34F0-48CF-B868-FC6B5E294023}.Release|Any CPU.Build.0 = Release|Any CPU
		{1CF29D9E-085D-4C57-B809-98D9CF998D19}.Debug|Any CPU.ActiveCfg = Debug|Any CPU
		{1CF29D9E-085D-4C57-B809-98D9CF998D19}.Debug|Any CPU.Build.0 = Debug|Any CPU
		{1CF29D9E-085D-4C57-B809-98D9CF998D19}.Release|Any CPU.ActiveCfg = Release|Any CPU
		{1CF29D9E-085D-4C57-B809-98D9CF998D19}.Release|Any CPU.Build.0 = Release|Any CPU
		{63922D63-FD4C-4624-A316-01FB26E75B59}.Debug|Any CPU.ActiveCfg = Debug|Any CPU
		{63922D63-FD4C-4624-A316-01FB26E75B59}.Debug|Any CPU.Build.0 = Debug|Any CPU
		{63922D63-FD4C-4624-A316-01FB26E75B59}.Release|Any CPU.ActiveCfg = Release|Any CPU
		{63922D63-FD4C-4624-A316-01FB26E75B59}.Release|Any CPU.Build.0 = Release|Any CPU
		{ED03F5D5-72B3-48D8-BFE7-B9157A97F7A0}.Debug|Any CPU.ActiveCfg = Debug|Any CPU
		{ED03F5D5-72B3-48D8-BFE7-B9157A97F7A0}.Debug|Any CPU.Build.0 = Debug|Any CPU
		{ED03F5D5-72B3-48D8-BFE7-B9157A97F7A0}.Release|Any CPU.ActiveCfg = Release|Any CPU
		{ED03F5D5-72B3-48D8-BFE7-B9157A97F7A0}.Release|Any CPU.Build.0 = Release|Any CPU
		{39725101-8339-442C-9176-DD6058487FE9}.Debug|Any CPU.ActiveCfg = Debug|Any CPU
		{39725101-8339-442C-9176-DD6058487FE9}.Debug|Any CPU.Build.0 = Debug|Any CPU
		{39725101-8339-442C-9176-DD6058487FE9}.Release|Any CPU.ActiveCfg = Release|Any CPU
		{39725101-8339-442C-9176-DD6058487FE9}.Release|Any CPU.Build.0 = Release|Any CPU
		{4041608A-BE6A-4DE8-B0C5-B9D1DD286FC9}.Debug|Any CPU.ActiveCfg = Debug|Any CPU
		{4041608A-BE6A-4DE8-B0C5-B9D1DD286FC9}.Debug|Any CPU.Build.0 = Debug|Any CPU
		{4041608A-BE6A-4DE8-B0C5-B9D1DD286FC9}.Release|Any CPU.ActiveCfg = Release|Any CPU
		{4041608A-BE6A-4DE8-B0C5-B9D1DD286FC9}.Release|Any CPU.Build.0 = Release|Any CPU
		{0EA7ABBC-7605-46CD-AE46-BE92799EE68F}.Debug|Any CPU.ActiveCfg = Debug|Any CPU
		{0EA7ABBC-7605-46CD-AE46-BE92799EE68F}.Debug|Any CPU.Build.0 = Debug|Any CPU
		{0EA7ABBC-7605-46CD-AE46-BE92799EE68F}.Release|Any CPU.ActiveCfg = Release|Any CPU
		{0EA7ABBC-7605-46CD-AE46-BE92799EE68F}.Release|Any CPU.Build.0 = Release|Any CPU
		{E80A45F3-4581-461E-BD78-29E718CA3530}.Debug|Any CPU.ActiveCfg = Debug|Any CPU
		{E80A45F3-4581-461E-BD78-29E718CA3530}.Debug|Any CPU.Build.0 = Debug|Any CPU
		{E80A45F3-4581-461E-BD78-29E718CA3530}.Release|Any CPU.ActiveCfg = Release|Any CPU
		{E80A45F3-4581-461E-BD78-29E718CA3530}.Release|Any CPU.Build.0 = Release|Any CPU
		{A84CEA64-5FAB-470A-94E7-6DC719EA20FE}.Debug|Any CPU.ActiveCfg = Debug|Any CPU
		{A84CEA64-5FAB-470A-94E7-6DC719EA20FE}.Debug|Any CPU.Build.0 = Debug|Any CPU
		{A84CEA64-5FAB-470A-94E7-6DC719EA20FE}.Release|Any CPU.ActiveCfg = Release|Any CPU
		{A84CEA64-5FAB-470A-94E7-6DC719EA20FE}.Release|Any CPU.Build.0 = Release|Any CPU
		{A4C87758-21B6-4E9E-AAB9-40420D3B64D4}.Debug|Any CPU.ActiveCfg = Debug|Any CPU
		{A4C87758-21B6-4E9E-AAB9-40420D3B64D4}.Debug|Any CPU.Build.0 = Debug|Any CPU
		{A4C87758-21B6-4E9E-AAB9-40420D3B64D4}.Release|Any CPU.ActiveCfg = Release|Any CPU
		{A4C87758-21B6-4E9E-AAB9-40420D3B64D4}.Release|Any CPU.Build.0 = Release|Any CPU
		{A10913AD-720D-4598-BA48-5E9E31144404}.Debug|Any CPU.ActiveCfg = Debug|Any CPU
		{A10913AD-720D-4598-BA48-5E9E31144404}.Debug|Any CPU.Build.0 = Debug|Any CPU
		{A10913AD-720D-4598-BA48-5E9E31144404}.Release|Any CPU.ActiveCfg = Release|Any CPU
		{A10913AD-720D-4598-BA48-5E9E31144404}.Release|Any CPU.Build.0 = Release|Any CPU
		{A4C40367-0448-4E5A-A395-B82B22803193}.Debug|Any CPU.ActiveCfg = Debug|Any CPU
		{A4C40367-0448-4E5A-A395-B82B22803193}.Debug|Any CPU.Build.0 = Debug|Any CPU
		{A4C40367-0448-4E5A-A395-B82B22803193}.Release|Any CPU.ActiveCfg = Release|Any CPU
		{A4C40367-0448-4E5A-A395-B82B22803193}.Release|Any CPU.Build.0 = Release|Any CPU
		{87C5F566-1569-4FDB-8F76-23ECB3D6A43A}.Debug|Any CPU.ActiveCfg = Debug|Any CPU
		{87C5F566-1569-4FDB-8F76-23ECB3D6A43A}.Debug|Any CPU.Build.0 = Debug|Any CPU
		{87C5F566-1569-4FDB-8F76-23ECB3D6A43A}.Release|Any CPU.ActiveCfg = Release|Any CPU
		{87C5F566-1569-4FDB-8F76-23ECB3D6A43A}.Release|Any CPU.Build.0 = Release|Any CPU
		{E4F07FE1-E764-417C-BB1B-A04AA1E8577B}.Debug|Any CPU.ActiveCfg = Debug|Any CPU
		{E4F07FE1-E764-417C-BB1B-A04AA1E8577B}.Debug|Any CPU.Build.0 = Debug|Any CPU
		{E4F07FE1-E764-417C-BB1B-A04AA1E8577B}.Release|Any CPU.ActiveCfg = Release|Any CPU
		{E4F07FE1-E764-417C-BB1B-A04AA1E8577B}.Release|Any CPU.Build.0 = Release|Any CPU
		{F6A0F0B7-C4B4-4B1B-B617-5D551C4083E9}.Debug|Any CPU.ActiveCfg = Debug|Any CPU
		{F6A0F0B7-C4B4-4B1B-B617-5D551C4083E9}.Debug|Any CPU.Build.0 = Debug|Any CPU
		{F6A0F0B7-C4B4-4B1B-B617-5D551C4083E9}.Release|Any CPU.ActiveCfg = Release|Any CPU
		{F6A0F0B7-C4B4-4B1B-B617-5D551C4083E9}.Release|Any CPU.Build.0 = Release|Any CPU
		{73A4D1E7-23FF-41DF-8982-FB9839EF7005}.Debug|Any CPU.ActiveCfg = Debug|Any CPU
		{73A4D1E7-23FF-41DF-8982-FB9839EF7005}.Debug|Any CPU.Build.0 = Debug|Any CPU
		{73A4D1E7-23FF-41DF-8982-FB9839EF7005}.Release|Any CPU.ActiveCfg = Release|Any CPU
		{73A4D1E7-23FF-41DF-8982-FB9839EF7005}.Release|Any CPU.Build.0 = Release|Any CPU
		{56CDC161-728D-4DF1-A190-ACA0C0B2748B}.Debug|Any CPU.ActiveCfg = Debug|Any CPU
		{56CDC161-728D-4DF1-A190-ACA0C0B2748B}.Debug|Any CPU.Build.0 = Debug|Any CPU
		{56CDC161-728D-4DF1-A190-ACA0C0B2748B}.Release|Any CPU.ActiveCfg = Release|Any CPU
		{56CDC161-728D-4DF1-A190-ACA0C0B2748B}.Release|Any CPU.Build.0 = Release|Any CPU
		{4073D7DA-7804-46B8-B339-A92754801FB9}.Debug|Any CPU.ActiveCfg = Debug|Any CPU
		{4073D7DA-7804-46B8-B339-A92754801FB9}.Debug|Any CPU.Build.0 = Debug|Any CPU
		{4073D7DA-7804-46B8-B339-A92754801FB9}.Release|Any CPU.ActiveCfg = Release|Any CPU
		{4073D7DA-7804-46B8-B339-A92754801FB9}.Release|Any CPU.Build.0 = Release|Any CPU
	EndGlobalSection
	GlobalSection(SolutionProperties) = preSolution
		HideSolutionNode = FALSE
	EndGlobalSection
	GlobalSection(NestedProjects) = preSolution
		{6BA5E79E-C778-49E1-84C9-A5EEE9E36E57} = {95950F1B-FA19-4F2E-8051-F42CB5F12889}
		{8A5E9650-34F0-48CF-B868-FC6B5E294023} = {95950F1B-FA19-4F2E-8051-F42CB5F12889}
		{1CF29D9E-085D-4C57-B809-98D9CF998D19} = {95950F1B-FA19-4F2E-8051-F42CB5F12889}
		{63922D63-FD4C-4624-A316-01FB26E75B59} = {95950F1B-FA19-4F2E-8051-F42CB5F12889}
		{ED03F5D5-72B3-48D8-BFE7-B9157A97F7A0} = {95950F1B-FA19-4F2E-8051-F42CB5F12889}
		{39725101-8339-442C-9176-DD6058487FE9} = {5707609A-2073-48A9-8D5E-0DAE60165C25}
		{4041608A-BE6A-4DE8-B0C5-B9D1DD286FC9} = {5707609A-2073-48A9-8D5E-0DAE60165C25}
		{0EA7ABBC-7605-46CD-AE46-BE92799EE68F} = {5707609A-2073-48A9-8D5E-0DAE60165C25}
		{E80A45F3-4581-461E-BD78-29E718CA3530} = {5707609A-2073-48A9-8D5E-0DAE60165C25}
		{A84CEA64-5FAB-470A-94E7-6DC719EA20FE} = {5707609A-2073-48A9-8D5E-0DAE60165C25}
		{A4C87758-21B6-4E9E-AAB9-40420D3B64D4} = {903796C4-4202-4BC4-A7ED-6E6842CA7C03}
		{A10913AD-720D-4598-BA48-5E9E31144404} = {903796C4-4202-4BC4-A7ED-6E6842CA7C03}
		{A4C40367-0448-4E5A-A395-B82B22803193} = {903796C4-4202-4BC4-A7ED-6E6842CA7C03}
		{87C5F566-1569-4FDB-8F76-23ECB3D6A43A} = {903796C4-4202-4BC4-A7ED-6E6842CA7C03}
		{E4F07FE1-E764-417C-BB1B-A04AA1E8577B} = {143ECCFC-C818-42F2-92E5-33F04FF5FB12}
		{F6A0F0B7-C4B4-4B1B-B617-5D551C4083E9} = {143ECCFC-C818-42F2-92E5-33F04FF5FB12}
		{73A4D1E7-23FF-41DF-8982-FB9839EF7005} = {143ECCFC-C818-42F2-92E5-33F04FF5FB12}
		{56CDC161-728D-4DF1-A190-ACA0C0B2748B} = {143ECCFC-C818-42F2-92E5-33F04FF5FB12}
		{4073D7DA-7804-46B8-B339-A92754801FB9} = {83F39156-821B-431D-9925-BEA74E15337F}
	EndGlobalSection
	GlobalSection(ExtensibilityGlobals) = postSolution
		SolutionGuid = {F6D4E4EC-7694-48B1-852B-31B37E300C49}
	EndGlobalSection
EndGlobal
